{
  "requires": true,
  "lockfileVersion": 1,
  "dependencies": {
    "vuebar": {
      "version": "0.0.18",
      "resolved": "https://registry.npmjs.org/vuebar/-/vuebar-0.0.18.tgz",
      "integrity": "sha512-gEoLuC7awC8ip54cGXTuka1j8FEKgVh4+DDD7QLaKznXUcLxyOvVmDJBnNzRWSLUYkYe90ssVS/vKm3YgP3b1g=="
    }
  }
}
